
Microsoft Visual Studio Solution File, Format Version 12.00
# Visual Studio Version 17
VisualStudioVersion = 17.3.32929.385
MinimumVisualStudioVersion = 10.0.40219.1
Project("{FAE04EC0-301F-11D3-BF4B-00C04F79EFBC}") = "csharp-lavanderia", "csharp-lavanderia.csproj", "{700CF47E-0992-4833-AAA0-154DF86B24D2}"
EndProject
Global
	GlobalSection(SolutionConfigurationPlatforms) = preSolution
		Debug|Any CPU = Debug|Any CPU
		Release|Any CPU = Release|Any CPU
	EndGlobalSection
	GlobalSection(ProjectConfigurationPlatforms) = postSolution
		{700CF47E-0992-4833-AAA0-154DF86B24D2}.Debug|Any CPU.ActiveCfg = Debug|Any CPU
		{700CF47E-0992-4833-AAA0-154DF86B24D2}.Debug|Any CPU.Build.0 = Debug|Any CPU
		{700CF47E-0992-4833-AAA0-154DF86B24D2}.Release|Any CPU.ActiveCfg = Release|Any CPU
		{700CF47E-0992-4833-AAA0-154DF86B24D2}.Release|Any CPU.Build.0 = Release|Any CPU
	EndGlobalSection
	GlobalSection(SolutionProperties) = preSolution
		HideSolutionNode = FALSE
	EndGlobalSection
	GlobalSection(ExtensibilityGlobals) = postSolution
		SolutionGuid = {9A614727-161E-4201-BC57-34ACDA33C30B}
	EndGlobalSection
EndGlobal
